
Microsoft Visual Studio Solution File, Format Version 12.00
# Visual Studio Version 16
VisualStudioVersion = 16.0.32802.440
MinimumVisualStudioVersion = 10.0.40219.1
Project("{FAE04EC0-301F-11D3-BF4B-00C04F79EFBC}") = "Project2", "Project2\Project2.csproj", "{79DE83B0-8234-4218-B81A-27689DC14A42}"
EndProject
Global
	GlobalSection(SolutionConfigurationPlatforms) = preSolution
		Debug|Any CPU = Debug|Any CPU
		Release|Any CPU = Release|Any CPU
	EndGlobalSection
	GlobalSection(ProjectConfigurationPlatforms) = postSolution
		{79DE83B0-8234-4218-B81A-27689DC14A42}.Debug|Any CPU.ActiveCfg = Debug|Any CPU
		{79DE83B0-8234-4218-B81A-27689DC14A42}.Debug|Any CPU.Build.0 = Debug|Any CPU
		{79DE83B0-8234-4218-B81A-27689DC14A42}.Release|Any CPU.ActiveCfg = Release|Any CPU
		{79DE83B0-8234-4218-B81A-27689DC14A42}.Release|Any CPU.Build.0 = Release|Any CPU
	EndGlobalSection
	GlobalSection(SolutionProperties) = preSolution
		HideSolutionNode = FALSE
	EndGlobalSection
	GlobalSection(ExtensibilityGlobals) = postSolution
		SolutionGuid = {FC518924-37F3-46B8-811D-1808723ECB34}
	EndGlobalSection
EndGlobal
