
Microsoft Visual Studio Solution File, Format Version 12.00
# Visual Studio Version 16
VisualStudioVersion = 16.0.32802.440
MinimumVisualStudioVersion = 10.0.40219.1
Project("{FAE04EC0-301F-11D3-BF4B-00C04F79EFBC}") = "ApiProject", "ApiProject\ApiProject.csproj", "{4988F11E-AAA6-40F6-8678-BAC9B6CAC2AA}"
EndProject
Global
	GlobalSection(SolutionConfigurationPlatforms) = preSolution
		Debug|Any CPU = Debug|Any CPU
		Release|Any CPU = Release|Any CPU
	EndGlobalSection
	GlobalSection(ProjectConfigurationPlatforms) = postSolution
		{4988F11E-AAA6-40F6-8678-BAC9B6CAC2AA}.Debug|Any CPU.ActiveCfg = Debug|Any CPU
		{4988F11E-AAA6-40F6-8678-BAC9B6CAC2AA}.Debug|Any CPU.Build.0 = Debug|Any CPU
		{4988F11E-AAA6-40F6-8678-BAC9B6CAC2AA}.Release|Any CPU.ActiveCfg = Release|Any CPU
		{4988F11E-AAA6-40F6-8678-BAC9B6CAC2AA}.Release|Any CPU.Build.0 = Release|Any CPU
	EndGlobalSection
	GlobalSection(SolutionProperties) = preSolution
		HideSolutionNode = FALSE
	EndGlobalSection
	GlobalSection(ExtensibilityGlobals) = postSolution
		SolutionGuid = {E0856A0B-60B1-4009-B1AF-DBB312776982}
	EndGlobalSection
EndGlobal
